
Microsoft Visual Studio Solution File, Format Version 12.00
# Visual Studio Version 17
VisualStudioVersion = 17.5.33502.453
MinimumVisualStudioVersion = 10.0.40219.1
Project("{FAE04EC0-301F-11D3-BF4B-00C04F79EFBC}") = "ATM_consoleapp", "ATM_consoleapp\ATM_consoleapp.csproj", "{D9958D3F-9E14-4AE7-A410-F9D3A256BF79}"
EndProject
Global
	GlobalSection(SolutionConfigurationPlatforms) = preSolution
		Debug|Any CPU = Debug|Any CPU
		Release|Any CPU = Release|Any CPU
	EndGlobalSection
	GlobalSection(ProjectConfigurationPlatforms) = postSolution
		{D9958D3F-9E14-4AE7-A410-F9D3A256BF79}.Debug|Any CPU.ActiveCfg = Debug|Any CPU
		{D9958D3F-9E14-4AE7-A410-F9D3A256BF79}.Debug|Any CPU.Build.0 = Debug|Any CPU
		{D9958D3F-9E14-4AE7-A410-F9D3A256BF79}.Release|Any CPU.ActiveCfg = Release|Any CPU
		{D9958D3F-9E14-4AE7-A410-F9D3A256BF79}.Release|Any CPU.Build.0 = Release|Any CPU
	EndGlobalSection
	GlobalSection(SolutionProperties) = preSolution
		HideSolutionNode = FALSE
	EndGlobalSection
	GlobalSection(ExtensibilityGlobals) = postSolution
		SolutionGuid = {3E81832B-C9C8-44B6-ABCB-4A1AAF6F6AD9}
	EndGlobalSection
EndGlobal
